
Microsoft Visual Studio Solution File, Format Version 12.00
# Visual Studio Version 16
VisualStudioVersion = 16.0.30907.101
MinimumVisualStudioVersion = 10.0.40219.1
Project("{FAE04EC0-301F-11D3-BF4B-00C04F79EFBC}") = "App1MidTemperature", "App1MidTemperature\App1MidTemperature.csproj", "{3F82E3F3-C9C4-436B-AAD6-3B9797E70175}"
EndProject
Project("{FAE04EC0-301F-11D3-BF4B-00C04F79EFBC}") = "App2Months", "App2Months\App2Months.csproj", "{3238DE69-72FD-4EC0-AE1F-48E0B9F8CFFC}"
EndProject
Project("{FAE04EC0-301F-11D3-BF4B-00C04F79EFBC}") = "App3Even", "App3Even\App3Even.csproj", "{82656291-EF6E-4B08-A318-6C97A71A9DDD}"
EndProject
Global
	GlobalSection(SolutionConfigurationPlatforms) = preSolution
		Debug|Any CPU = Debug|Any CPU
		Release|Any CPU = Release|Any CPU
	EndGlobalSection
	GlobalSection(ProjectConfigurationPlatforms) = postSolution
		{3F82E3F3-C9C4-436B-AAD6-3B9797E70175}.Debug|Any CPU.ActiveCfg = Debug|Any CPU
		{3F82E3F3-C9C4-436B-AAD6-3B9797E70175}.Debug|Any CPU.Build.0 = Debug|Any CPU
		{3F82E3F3-C9C4-436B-AAD6-3B9797E70175}.Release|Any CPU.ActiveCfg = Release|Any CPU
		{3F82E3F3-C9C4-436B-AAD6-3B9797E70175}.Release|Any CPU.Build.0 = Release|Any CPU
		{3238DE69-72FD-4EC0-AE1F-48E0B9F8CFFC}.Debug|Any CPU.ActiveCfg = Debug|Any CPU
		{3238DE69-72FD-4EC0-AE1F-48E0B9F8CFFC}.Debug|Any CPU.Build.0 = Debug|Any CPU
		{3238DE69-72FD-4EC0-AE1F-48E0B9F8CFFC}.Release|Any CPU.ActiveCfg = Release|Any CPU
		{3238DE69-72FD-4EC0-AE1F-48E0B9F8CFFC}.Release|Any CPU.Build.0 = Release|Any CPU
		{82656291-EF6E-4B08-A318-6C97A71A9DDD}.Debug|Any CPU.ActiveCfg = Debug|Any CPU
		{82656291-EF6E-4B08-A318-6C97A71A9DDD}.Debug|Any CPU.Build.0 = Debug|Any CPU
		{82656291-EF6E-4B08-A318-6C97A71A9DDD}.Release|Any CPU.ActiveCfg = Release|Any CPU
		{82656291-EF6E-4B08-A318-6C97A71A9DDD}.Release|Any CPU.Build.0 = Release|Any CPU
	EndGlobalSection
	GlobalSection(SolutionProperties) = preSolution
		HideSolutionNode = FALSE
	EndGlobalSection
	GlobalSection(ExtensibilityGlobals) = postSolution
		SolutionGuid = {EA050351-2681-4A3E-8C76-67B00BC3CF24}
	EndGlobalSection
EndGlobal
