
Microsoft Visual Studio Solution File, Format Version 12.00
# Visual Studio Version 16
VisualStudioVersion = 16.0.30907.101
MinimumVisualStudioVersion = 10.0.40219.1
Project("{FAE04EC0-301F-11D3-BF4B-00C04F79EFBC}") = "App1GetFullName", "App1GetFullName\App1GetFullName.csproj", "{035E5A41-8E21-42EE-8A82-56466ED837BF}"
EndProject
Project("{FAE04EC0-301F-11D3-BF4B-00C04F79EFBC}") = "App2NumbersSum", "App2NumbersSum\App2NumbersSum.csproj", "{8908EC3E-A306-4A9A-9682-F6B0F275C229}"
EndProject
Global
	GlobalSection(SolutionConfigurationPlatforms) = preSolution
		Debug|Any CPU = Debug|Any CPU
		Release|Any CPU = Release|Any CPU
	EndGlobalSection
	GlobalSection(ProjectConfigurationPlatforms) = postSolution
		{035E5A41-8E21-42EE-8A82-56466ED837BF}.Debug|Any CPU.ActiveCfg = Debug|Any CPU
		{035E5A41-8E21-42EE-8A82-56466ED837BF}.Debug|Any CPU.Build.0 = Debug|Any CPU
		{035E5A41-8E21-42EE-8A82-56466ED837BF}.Release|Any CPU.ActiveCfg = Release|Any CPU
		{035E5A41-8E21-42EE-8A82-56466ED837BF}.Release|Any CPU.Build.0 = Release|Any CPU
		{8908EC3E-A306-4A9A-9682-F6B0F275C229}.Debug|Any CPU.ActiveCfg = Debug|Any CPU
		{8908EC3E-A306-4A9A-9682-F6B0F275C229}.Debug|Any CPU.Build.0 = Debug|Any CPU
		{8908EC3E-A306-4A9A-9682-F6B0F275C229}.Release|Any CPU.ActiveCfg = Release|Any CPU
		{8908EC3E-A306-4A9A-9682-F6B0F275C229}.Release|Any CPU.Build.0 = Release|Any CPU
	EndGlobalSection
	GlobalSection(SolutionProperties) = preSolution
		HideSolutionNode = FALSE
	EndGlobalSection
	GlobalSection(ExtensibilityGlobals) = postSolution
		SolutionGuid = {D1DE343C-C42B-4612-B98F-AB669FF9DF07}
	EndGlobalSection
EndGlobal
