
Microsoft Visual Studio Solution File, Format Version 12.00
# Visual Studio Version 16
VisualStudioVersion = 16.0.31105.61
MinimumVisualStudioVersion = 10.0.40219.1
Project("{9A19103F-16F7-4668-BE54-9A1E7A4F7556}") = "App1Graph", "App1Graph\App1Graph.csproj", "{6895DAA2-C8AC-4BCF-8D06-A34F3D6396CC}"
EndProject
Project("{9A19103F-16F7-4668-BE54-9A1E7A4F7556}") = "GenericMath.Benchmark", "GenericMath.Benchmark\GenericMath.Benchmark.csproj", "{B644E20A-D2D3-4DEC-9546-A6251D6004C4}"
EndProject
Global
	GlobalSection(SolutionConfigurationPlatforms) = preSolution
		Debug|Any CPU = Debug|Any CPU
		Release|Any CPU = Release|Any CPU
	EndGlobalSection
	GlobalSection(ProjectConfigurationPlatforms) = postSolution
		{6895DAA2-C8AC-4BCF-8D06-A34F3D6396CC}.Debug|Any CPU.ActiveCfg = Debug|Any CPU
		{6895DAA2-C8AC-4BCF-8D06-A34F3D6396CC}.Debug|Any CPU.Build.0 = Debug|Any CPU
		{6895DAA2-C8AC-4BCF-8D06-A34F3D6396CC}.Release|Any CPU.ActiveCfg = Release|Any CPU
		{6895DAA2-C8AC-4BCF-8D06-A34F3D6396CC}.Release|Any CPU.Build.0 = Release|Any CPU
		{B644E20A-D2D3-4DEC-9546-A6251D6004C4}.Debug|Any CPU.ActiveCfg = Debug|Any CPU
		{B644E20A-D2D3-4DEC-9546-A6251D6004C4}.Debug|Any CPU.Build.0 = Debug|Any CPU
		{B644E20A-D2D3-4DEC-9546-A6251D6004C4}.Release|Any CPU.ActiveCfg = Release|Any CPU
		{B644E20A-D2D3-4DEC-9546-A6251D6004C4}.Release|Any CPU.Build.0 = Release|Any CPU
	EndGlobalSection
	GlobalSection(SolutionProperties) = preSolution
		HideSolutionNode = FALSE
	EndGlobalSection
	GlobalSection(ExtensibilityGlobals) = postSolution
		SolutionGuid = {590E4375-590B-46C6-BF28-99655CF9C0C9}
	EndGlobalSection
EndGlobal
