
Microsoft Visual Studio Solution File, Format Version 12.00
# Visual Studio Version 16
VisualStudioVersion = 16.0.31025.194
MinimumVisualStudioVersion = 10.0.40219.1
Project("{9A19103F-16F7-4668-BE54-9A1E7A4F7556}") = "App1SearchBenchmark", "App1Search\App1SearchBenchmark.csproj", "{77E4FB3F-9C08-413B-92EC-72E97F31B232}"
EndProject
Project("{9A19103F-16F7-4668-BE54-9A1E7A4F7556}") = "App2Tree", "App2Tree\App2Tree.csproj", "{B37A780D-876B-4BF5-9813-EB616FB817B9}"
EndProject
Project("{9A19103F-16F7-4668-BE54-9A1E7A4F7556}") = "BinTree", "BinTree\BinTree.csproj", "{A1F1B64B-19A8-4499-9844-164844A2E046}"
EndProject
Project("{2150E333-8FDC-42A3-9474-1A3956D46DE8}") = "Solution Items", "Solution Items", "{2289C884-FBE3-41F0-B510-3309D4B966B1}"
	ProjectSection(SolutionItems) = preProject
		.editorconfig = .editorconfig
	EndProjectSection
EndProject
Project("{FAE04EC0-301F-11D3-BF4B-00C04F79EFBC}") = "BinTree.Tests", "BinTreeTests\BinTree.Tests.csproj", "{C7CE2B9D-E035-4B8E-9065-072741AA7402}"
EndProject
Global
	GlobalSection(SolutionConfigurationPlatforms) = preSolution
		Debug|Any CPU = Debug|Any CPU
		Release|Any CPU = Release|Any CPU
	EndGlobalSection
	GlobalSection(ProjectConfigurationPlatforms) = postSolution
		{77E4FB3F-9C08-413B-92EC-72E97F31B232}.Debug|Any CPU.ActiveCfg = Debug|Any CPU
		{77E4FB3F-9C08-413B-92EC-72E97F31B232}.Debug|Any CPU.Build.0 = Debug|Any CPU
		{77E4FB3F-9C08-413B-92EC-72E97F31B232}.Release|Any CPU.ActiveCfg = Release|Any CPU
		{77E4FB3F-9C08-413B-92EC-72E97F31B232}.Release|Any CPU.Build.0 = Release|Any CPU
		{B37A780D-876B-4BF5-9813-EB616FB817B9}.Debug|Any CPU.ActiveCfg = Debug|Any CPU
		{B37A780D-876B-4BF5-9813-EB616FB817B9}.Debug|Any CPU.Build.0 = Debug|Any CPU
		{B37A780D-876B-4BF5-9813-EB616FB817B9}.Release|Any CPU.ActiveCfg = Release|Any CPU
		{B37A780D-876B-4BF5-9813-EB616FB817B9}.Release|Any CPU.Build.0 = Release|Any CPU
		{A1F1B64B-19A8-4499-9844-164844A2E046}.Debug|Any CPU.ActiveCfg = Debug|Any CPU
		{A1F1B64B-19A8-4499-9844-164844A2E046}.Debug|Any CPU.Build.0 = Debug|Any CPU
		{A1F1B64B-19A8-4499-9844-164844A2E046}.Release|Any CPU.ActiveCfg = Release|Any CPU
		{A1F1B64B-19A8-4499-9844-164844A2E046}.Release|Any CPU.Build.0 = Release|Any CPU
		{C7CE2B9D-E035-4B8E-9065-072741AA7402}.Debug|Any CPU.ActiveCfg = Debug|Any CPU
		{C7CE2B9D-E035-4B8E-9065-072741AA7402}.Debug|Any CPU.Build.0 = Debug|Any CPU
		{C7CE2B9D-E035-4B8E-9065-072741AA7402}.Release|Any CPU.ActiveCfg = Release|Any CPU
		{C7CE2B9D-E035-4B8E-9065-072741AA7402}.Release|Any CPU.Build.0 = Release|Any CPU
	EndGlobalSection
	GlobalSection(SolutionProperties) = preSolution
		HideSolutionNode = FALSE
	EndGlobalSection
	GlobalSection(ExtensibilityGlobals) = postSolution
		SolutionGuid = {5D21201C-539B-42C0-8532-34F5DF2A9814}
	EndGlobalSection
EndGlobal
